// !$*UTF8*$!
{
	archiveVersion = 1;
	classes = {
	};
	objectVersion = 46;
	objects = {

		A7109A25E333245463B6B6FA = { isa = PBXBuildFile; fileRef = 499A78DE0982727834CB7EE3; };
		50622FCFDBDAA2D666023240 = { isa = PBXBuildFile; fileRef = 348BB348997871AF96E218F2; };
		A7D875ED66D9D392B1E4C580 = { isa = PBXBuildFile; fileRef = 0F10A0D192ED1FFADE474ED6; };
		0F10A0D192ED1FFADE474ED6 = { isa = PBXFileReference; lastKnownFileType = sourcecode.cpp.cpp; name = BinaryData.cpp; path = ../../JuceLibraryCode/BinaryData.cpp; sourceTree = "SOURCE_ROOT"; };
		348BB348997871AF96E218F2 = { isa = PBXFileReference; lastKnownFileType = sourcecode.cpp.cpp; name = Main.cpp; path = ../../Source/Main.cpp; sourceTree = "SOURCE_ROOT"; };
		499A78DE0982727834CB7EE3 = { isa = PBXFileReference; lastKnownFileType = sourcecode.cpp.cpp; name = LuaLibrary.cpp; path = ../../../Lua/LuaLibrary.cpp; sourceTree = "SOURCE_ROOT"; };
		6E3662BA68B28D1E023B25A8 = { isa = PBXFileReference; lastKnownFileType = sourcecode.cpp.cpp; name = Tests.cpp; path = ../../Source/Tests.cpp; sourceTree = "SOURCE_ROOT"; };
		6F8D79CED0DF9D46F38BEC46 = { isa = PBXFileReference; lastKnownFileType = sourcecode.c.h; name = Tests.h; path = ../../Source/Tests.h; sourceTree = "SOURCE_ROOT"; };
		AA7F19EAF749B2D8604271BD = { isa = PBXFileReference; lastKnownFileType = sourcecode.c.h; name = LuaLibrary.h; path = ../../../Lua/LuaLibrary.h; sourceTree = "SOURCE_ROOT"; };
		D1ABCD4ADB74828BE6EC580A = { isa = PBXFileReference; lastKnownFileType = sourcecode.c.h; name = JuceHeader.h; path = ../../JuceLibraryCode/JuceHeader.h; sourceTree = "SOURCE_ROOT"; };
		DC6F50125D7B8E869068B0FF = { isa = PBXFileReference; lastKnownFileType = file.lua; name = Tests.lua; path = ../../Source/Tests.lua; sourceTree = "SOURCE_ROOT"; };
		DD2A6A26F2FABE4F031C3E65 = { isa = PBXFileReference; lastKnownFileType = sourcecode.c.h; name = AppConfig.h; path = ../../JuceLibraryCode/AppConfig.h; sourceTree = "SOURCE_ROOT"; };
		F282F05BAEC4D2A9DDE2A920 = { isa = PBXFileReference; lastKnownFileType = sourcecode.c.h; name = BinaryData.h; path = ../../JuceLibraryCode/BinaryData.h; sourceTree = "SOURCE_ROOT"; };
		FF40684E4B1722626656B1F8 = { isa = PBXFileReference; explicitFileType = "compiled.mach-o.executable"; includeInIndex = 0; path = LuaBridgeTests; sourceTree = "BUILT_PRODUCTS_DIR"; };
		C22CF00FC587FBB0CD289B63 = { isa = PBXGroup; children = (
				AA7F19EAF749B2D8604271BD,
				499A78DE0982727834CB7EE3 ); name = Lua; sourceTree = "<group>"; };
		04FB78EC00312A0C7E10BFB6 = { isa = PBXGroup; children = (
				348BB348997871AF96E218F2,
				6E3662BA68B28D1E023B25A8,
				6F8D79CED0DF9D46F38BEC46,
				DC6F50125D7B8E869068B0FF ); name = Source; sourceTree = "<group>"; };
		0AF3D56120E37925A2643742 = { isa = PBXGroup; children = (
				C22CF00FC587FBB0CD289B63,
				04FB78EC00312A0C7E10BFB6 ); name = LuaBridgeTests; sourceTree = "<group>"; };
		78C6585C4899DA5B1FA2C3B8 = { isa = PBXGroup; children = (
				DD2A6A26F2FABE4F031C3E65,
				0F10A0D192ED1FFADE474ED6,
				F282F05BAEC4D2A9DDE2A920,
				D1ABCD4ADB74828BE6EC580A ); name = "Juce Library Code"; sourceTree = "<group>"; };
		4A30048610C8C08994DF719E = { isa = PBXGroup; children = (  ); name = Resources; sourceTree = "<group>"; };
		B3DE3D47D311EFF256D9442A = { isa = PBXGroup; children = (  ); name = Frameworks; sourceTree = "<group>"; };
		A3C6BF841A4988711B42864E = { isa = PBXGroup; children = (
				FF40684E4B1722626656B1F8 ); name = Products; sourceTree = "<group>"; };
		0AD5B4057E40FBF11AB528DF = { isa = PBXGroup; children = (
				0AF3D56120E37925A2643742,
				78C6585C4899DA5B1FA2C3B8,
				4A30048610C8C08994DF719E,
				B3DE3D47D311EFF256D9442A,
				A3C6BF841A4988711B42864E ); name = Source; sourceTree = "<group>"; };
		3A60A38D96EEB926B1BDD678 = { isa = XCBuildConfiguration; buildSettings = {
				SRCROOT = "../..";
				HEADER_SEARCH_PATHS = "../../JuceLibraryCode ../../../Lua $(inherited)";
				GCC_OPTIMIZATION_LEVEL = 0;
				INFOPLIST_FILE = Info.plist;
				INSTALL_PATH = "/usr/bin";
				MACOSX_DEPLOYMENT_TARGET_ppc = 10.4;
				SDKROOT_ppc = macosx10.5;
				GCC_VERSION = com.apple.compilers.llvm.clang.1_0;
				CLANG_CXX_LANGUAGE_STANDARD = "c++0x";
				ONLY_ACTIVE_ARCH = YES;
				COPY_PHASE_STRIP = NO;
				GCC_DYNAMIC_NO_PIC = NO;
				GCC_PREPROCESSOR_DEFINITIONS = (
				"_DEBUG=1",
				"DEBUG=1",
				"JUCE_ObjCExtraSuffix=EriIOm",
				"JUCER_XCODE_MAC_F6D2F4CF=1"); }; name = Debug; };
		3483D358233B49A29D7992B5 = { isa = XCBuildConfiguration; buildSettings = {
				SRCROOT = "../..";
				HEADER_SEARCH_PATHS = "../../JuceLibraryCode ../../../Lua $(inherited)";
				GCC_OPTIMIZATION_LEVEL = s;
				INFOPLIST_FILE = Info.plist;
				INSTALL_PATH = "/usr/bin";
				MACOSX_DEPLOYMENT_TARGET_ppc = 10.4;
				SDKROOT_ppc = macosx10.5;
				GCC_VERSION = com.apple.compilers.llvm.clang.1_0;
				CLANG_CXX_LANGUAGE_STANDARD = "c++0x";
				GCC_GENERATE_DEBUGGING_SYMBOLS = NO;
				GCC_SYMBOLS_PRIVATE_EXTERN = YES;
				GCC_PREPROCESSOR_DEFINITIONS = (
				"_NDEBUG=1",
				"NDEBUG=1",
				"JUCE_ObjCExtraSuffix=EriIOm",
				"JUCER_XCODE_MAC_F6D2F4CF=1"); }; name = Release; };
		C1E2A175E2A69293A16E8796 = { isa = XCBuildConfiguration; buildSettings = {
				ALWAYS_SEARCH_USER_PATHS = NO;
				GCC_C_LANGUAGE_STANDARD = c99;
				GCC_WARN_ABOUT_RETURN_TYPE = YES;
				GCC_WARN_CHECK_SWITCH_STATEMENTS = YES;
				GCC_WARN_UNUSED_VARIABLE = YES;
				GCC_WARN_MISSING_PARENTHESES = YES;
				GCC_WARN_NON_VIRTUAL_DESTRUCTOR = YES;
				GCC_WARN_TYPECHECK_CALLS_TO_PRINTF = YES;
				WARNING_CFLAGS = -Wreorder;
				GCC_MODEL_TUNING = G5;
				GCC_INLINES_ARE_PRIVATE_EXTERN = YES;
				ZERO_LINK = NO;
				DEBUG_INFORMATION_FORMAT = "dwarf";
				PRODUCT_NAME = "LuaBridgeTests"; }; name = Debug; };
		61089A5C23F221564F388F04 = { isa = XCBuildConfiguration; buildSettings = {
				ALWAYS_SEARCH_USER_PATHS = NO;
				GCC_C_LANGUAGE_STANDARD = c99;
				GCC_WARN_ABOUT_RETURN_TYPE = YES;
				GCC_WARN_CHECK_SWITCH_STATEMENTS = YES;
				GCC_WARN_UNUSED_VARIABLE = YES;
				GCC_WARN_MISSING_PARENTHESES = YES;
				GCC_WARN_NON_VIRTUAL_DESTRUCTOR = YES;
				GCC_WARN_TYPECHECK_CALLS_TO_PRINTF = YES;
				WARNING_CFLAGS = -Wreorder;
				GCC_MODEL_TUNING = G5;
				GCC_INLINES_ARE_PRIVATE_EXTERN = YES;
				ZERO_LINK = NO;
				DEBUG_INFORMATION_FORMAT = "dwarf";
				PRODUCT_NAME = "LuaBridgeTests"; }; name = Release; };
		42E5A627B7BE034BE4C61955 = { isa = XCConfigurationList; buildConfigurations = (
				C1E2A175E2A69293A16E8796,
				61089A5C23F221564F388F04 ); defaultConfigurationIsVisible = 0; defaultConfigurationName = Debug; };
		2035798BF668FF8277B03026 = { isa = XCConfigurationList; buildConfigurations = (
				3A60A38D96EEB926B1BDD678,
				3483D358233B49A29D7992B5 ); defaultConfigurationIsVisible = 0; defaultConfigurationName = Debug; };
		D732C162BCE275C1A744D626 = { isa = PBXResourcesBuildPhase; buildActionMask = 2147483647; files = (  ); runOnlyForDeploymentPostprocessing = 0; };
		A88003C7AE8F63BE247D3DA2 = { isa = PBXSourcesBuildPhase; buildActionMask = 2147483647; files = (
				A7109A25E333245463B6B6FA,
				50622FCFDBDAA2D666023240,
				A7D875ED66D9D392B1E4C580 ); runOnlyForDeploymentPostprocessing = 0; };
		289631D475B12A56F31BEA21 = { isa = PBXFrameworksBuildPhase; buildActionMask = 2147483647; files = (  ); runOnlyForDeploymentPostprocessing = 0; };
		99E94B4F959D4AD0E11551EC = { isa = PBXNativeTarget; buildConfigurationList = 2035798BF668FF8277B03026; buildPhases = (
				D732C162BCE275C1A744D626,
				A88003C7AE8F63BE247D3DA2,
				289631D475B12A56F31BEA21 ); buildRules = ( ); dependencies = ( ); name = LuaBridgeTests; productName = LuaBridgeTests; productReference = FF40684E4B1722626656B1F8; productInstallPath = /usr/bin; productType = "com.apple.product-type.tool"; };
		3462078016F50B0AF44867F7 = { isa = PBXProject; buildConfigurationList = 42E5A627B7BE034BE4C61955; compatibilityVersion = "Xcode 3.2"; hasScannedForEncodings = 0; mainGroup = 0AD5B4057E40FBF11AB528DF; projectDirPath = ""; projectRoot = ""; targets = ( 99E94B4F959D4AD0E11551EC ); };
	};
	rootObject = 3462078016F50B0AF44867F7;
}
